
Microsoft Visual Studio Solution File, Format Version 12.00
# Visual Studio 15
VisualStudioVersion = 15.0.28307.489
MinimumVisualStudioVersion = 10.0.40219.1
Project("{888888A0-9F3D-457C-B088-3A5042F75D52}") = "1D testes", "1D testes\1D testes.pyproj", "{E74D127B-1662-4756-A47F-0F6404903E86}"
EndProject
Global
	GlobalSection(SolutionConfigurationPlatforms) = preSolution
		Debug|Any CPU = Debug|Any CPU
		Release|Any CPU = Release|Any CPU
	EndGlobalSection
	GlobalSection(ProjectConfigurationPlatforms) = postSolution
		{E74D127B-1662-4756-A47F-0F6404903E86}.Debug|Any CPU.ActiveCfg = Debug|Any CPU
		{E74D127B-1662-4756-A47F-0F6404903E86}.Release|Any CPU.ActiveCfg = Release|Any CPU
	EndGlobalSection
	GlobalSection(SolutionProperties) = preSolution
		HideSolutionNode = FALSE
	EndGlobalSection
	GlobalSection(ExtensibilityGlobals) = postSolution
		SolutionGuid = {FAB780F2-E8D0-4603-8E20-32D07D5B19C9}
	EndGlobalSection
EndGlobal
